
Microsoft Visual Studio Solution File, Format Version 12.00
# Visual Studio Version 17
VisualStudioVersion = 17.14.36623.8 d17.14
MinimumVisualStudioVersion = 10.0.40219.1
Project("{FAE04EC0-301F-11D3-BF4B-00C04F79EFBC}") = "QwenApi", "QwenApi\QwenApi.csproj", "{68B5BCE1-4571-4AF2-AA2F-BA00F596F073}"
EndProject
Global
	GlobalSection(SolutionConfigurationPlatforms) = preSolution
		Debug|Any CPU = Debug|Any CPU
		Release|Any CPU = Release|Any CPU
	EndGlobalSection
	GlobalSection(ProjectConfigurationPlatforms) = postSolution
		{68B5BCE1-4571-4AF2-AA2F-BA00F596F073}.Debug|Any CPU.ActiveCfg = Debug|Any CPU
		{68B5BCE1-4571-4AF2-AA2F-BA00F596F073}.Debug|Any CPU.Build.0 = Debug|Any CPU
		{68B5BCE1-4571-4AF2-AA2F-BA00F596F073}.Release|Any CPU.ActiveCfg = Release|Any CPU
		{68B5BCE1-4571-4AF2-AA2F-BA00F596F073}.Release|Any CPU.Build.0 = Release|Any CPU
	EndGlobalSection
	GlobalSection(SolutionProperties) = preSolution
		HideSolutionNode = FALSE
	EndGlobalSection
	GlobalSection(ExtensibilityGlobals) = postSolution
		SolutionGuid = {AA9D385C-7ACF-4B2D-918A-EE5FA652EC75}
	EndGlobalSection
EndGlobal
